
Microsoft Visual Studio Solution File, Format Version 12.00
# Visual Studio 15
VisualStudioVersion = 15.0.27004.2002
MinimumVisualStudioVersion = 10.0.40219.1
Project("{9A19103F-16F7-4668-BE54-9A1E7A4F7556}") = "ConsoleImplementation", "tetrisconsole\ConsoleImplementation.csproj", "{157AC582-D2AC-434F-B2FE-253122945162}"
EndProject
Project("{FAE04EC0-301F-11D3-BF4B-00C04F79EFBC}") = "FiguresClasses", "FiguresClasses\FiguresClasses.csproj", "{A37F524F-35AB-40D6-8771-3F12AECFD790}"
EndProject
Project("{FAE04EC0-301F-11D3-BF4B-00C04F79EFBC}") = "BricksClass", "BricksClass\BricksClass.csproj", "{6EA9A3B5-6CA3-4017-B8A6-D596C4F4057D}"
EndProject
Project("{FAE04EC0-301F-11D3-BF4B-00C04F79EFBC}") = "TetrisLogic", "TetrisLogic\TetrisLogic.csproj", "{EC8F8386-D65C-43D0-B45E-950D9FE94C2D}"
EndProject
Global
	GlobalSection(SolutionConfigurationPlatforms) = preSolution
		Debug|Any CPU = Debug|Any CPU
		Release|Any CPU = Release|Any CPU
	EndGlobalSection
	GlobalSection(ProjectConfigurationPlatforms) = postSolution
		{157AC582-D2AC-434F-B2FE-253122945162}.Debug|Any CPU.ActiveCfg = Debug|Any CPU
		{157AC582-D2AC-434F-B2FE-253122945162}.Debug|Any CPU.Build.0 = Debug|Any CPU
		{157AC582-D2AC-434F-B2FE-253122945162}.Release|Any CPU.ActiveCfg = Release|Any CPU
		{157AC582-D2AC-434F-B2FE-253122945162}.Release|Any CPU.Build.0 = Release|Any CPU
		{A37F524F-35AB-40D6-8771-3F12AECFD790}.Debug|Any CPU.ActiveCfg = Debug|Any CPU
		{A37F524F-35AB-40D6-8771-3F12AECFD790}.Debug|Any CPU.Build.0 = Debug|Any CPU
		{A37F524F-35AB-40D6-8771-3F12AECFD790}.Release|Any CPU.ActiveCfg = Release|Any CPU
		{A37F524F-35AB-40D6-8771-3F12AECFD790}.Release|Any CPU.Build.0 = Release|Any CPU
		{6EA9A3B5-6CA3-4017-B8A6-D596C4F4057D}.Debug|Any CPU.ActiveCfg = Debug|Any CPU
		{6EA9A3B5-6CA3-4017-B8A6-D596C4F4057D}.Debug|Any CPU.Build.0 = Debug|Any CPU
		{6EA9A3B5-6CA3-4017-B8A6-D596C4F4057D}.Release|Any CPU.ActiveCfg = Release|Any CPU
		{6EA9A3B5-6CA3-4017-B8A6-D596C4F4057D}.Release|Any CPU.Build.0 = Release|Any CPU
		{EC8F8386-D65C-43D0-B45E-950D9FE94C2D}.Debug|Any CPU.ActiveCfg = Debug|Any CPU
		{EC8F8386-D65C-43D0-B45E-950D9FE94C2D}.Debug|Any CPU.Build.0 = Debug|Any CPU
		{EC8F8386-D65C-43D0-B45E-950D9FE94C2D}.Release|Any CPU.ActiveCfg = Release|Any CPU
		{EC8F8386-D65C-43D0-B45E-950D9FE94C2D}.Release|Any CPU.Build.0 = Release|Any CPU
	EndGlobalSection
	GlobalSection(SolutionProperties) = preSolution
		HideSolutionNode = FALSE
	EndGlobalSection
	GlobalSection(ExtensibilityGlobals) = postSolution
		SolutionGuid = {42C39349-D1B4-41EC-B56E-08D7F877F536}
	EndGlobalSection
EndGlobal
